{
    "name": "lyra2re2-hash",
    "version": "0.0.1",
    "lockfileVersion": 1,
    "requires": true,
    "dependencies": {
        "binascii": {
            "version": "0.0.2",
            "resolved": "https://registry.npmjs.org/binascii/-/binascii-0.0.2.tgz",
            "integrity": "sha1-p/iogB28z4sXVrdD2qD+6eLZ4O4="
        },
        "bindings": {
            "version": "1.3.0",
            "resolved": "https://registry.npmjs.org/bindings/-/bindings-1.3.0.tgz",
            "integrity": "sha512-DpLh5EzMR2kzvX1KIlVC0VkC3iZtHKTgdtZ0a3pglBZdaQFjt5S9g9xd1lE+YvXyfd6mtCeRnrUfOLYiTMlNSw=="
        },
        "nan": {
            "version": "2.8.0",
            "resolved": "https://registry.npmjs.org/nan/-/nan-2.8.0.tgz",
            "integrity": "sha1-7XFfP+neArV6XmJS2QqWZ14fCFo="
        }
    }
}
